# This file was autogenerated by Stack.
# You should not edit this file by hand.
# For more information, please see the documentation at:
#   https://docs.haskellstack.org/en/stable/lock_files

packages:
- completed:
    hackage: repa-3.4.1.5@sha256:4d94845e66d668345130f75f5de8f7c69139b91495c8c4b5a825014e8985e2fd,3562
    pantry-tree:
      size: 2965
      sha256: 1bb5ad1decd581b0d44b0e05cbdef5eb7967cdd80da481a06c3aab73e16087b9
  original:
    hackage: repa-3.4.1.5@sha256:4d94845e66d668345130f75f5de8f7c69139b91495c8c4b5a825014e8985e2fd,3562
snapshots:
- completed:
    size: 586296
    url: https://raw.githubusercontent.com/commercialhaskell/stackage-snapshots/master/lts/18/18.yaml
    sha256: 63539429076b7ebbab6daa7656cfb079393bf644971156dc349d7c0453694ac2
  original: lts-18.18
